
Microsoft Visual Studio Solution File, Format Version 12.00
# Visual Studio Version 17
VisualStudioVersion = 17.5.002.0
MinimumVisualStudioVersion = 10.0.40219.1
Project("{2150E333-8FDC-42A3-9474-1A3956D46DE8}") = "csharp-prep", "csharp-prep", "{4560FB0D-53B2-4E20-BFC7-AAFA8FD28D86}"
EndProject
Project("{9A19103F-16F7-4668-BE54-9A1E7A4F7556}") = "Prep1", "csharp-prep\Prep1\Prep1.csproj", "{DF6C6F2A-2E98-455A-9CA9-7CA8C153D507}"
EndProject
Project("{9A19103F-16F7-4668-BE54-9A1E7A4F7556}") = "Prep2", "csharp-prep\Prep2\Prep2.csproj", "{EB3CEE4D-527E-44CD-AB2B-D4FE4347DA93}"
EndProject
Project("{9A19103F-16F7-4668-BE54-9A1E7A4F7556}") = "Prep3", "csharp-prep\Prep3\Prep3.csproj", "{78D71C69-612D-45FE-A9D1-0BFABEBCFB17}"
EndProject
Project("{9A19103F-16F7-4668-BE54-9A1E7A4F7556}") = "Prep4", "csharp-prep\Prep4\Prep4.csproj", "{8FF1A81A-86E2-4FE9-82E2-F862FE0F2D75}"
EndProject
Project("{9A19103F-16F7-4668-BE54-9A1E7A4F7556}") = "Prep5", "csharp-prep\Prep5\Prep5.csproj", "{BC057A42-C319-45EE-9735-C84C6D9D30A7}"
EndProject
Project("{2150E333-8FDC-42A3-9474-1A3956D46DE8}") = "final", "final", "{63961AA9-39D9-4267-B52E-598110161786}"
EndProject
Project("{9A19103F-16F7-4668-BE54-9A1E7A4F7556}") = "FinalProject", "final\FinalProject\FinalProject.csproj", "{FD93E73A-FB3F-45BD-BB1F-CE2B04D0196B}"
EndProject
Project("{9A19103F-16F7-4668-BE54-9A1E7A4F7556}") = "Foundation1", "final\Foundation1\Foundation1.csproj", "{543242D6-BAD3-4B61-A780-5C256669C79F}"
EndProject
Project("{9A19103F-16F7-4668-BE54-9A1E7A4F7556}") = "Foundation2", "final\Foundation2\Foundation2.csproj", "{AD1B14BE-FF52-4FD3-97BE-05E603045910}"
EndProject
Project("{9A19103F-16F7-4668-BE54-9A1E7A4F7556}") = "Foundation3", "final\Foundation3\Foundation3.csproj", "{68DC2871-DCF6-4EB9-862E-770063395600}"
EndProject
Project("{9A19103F-16F7-4668-BE54-9A1E7A4F7556}") = "Foundation4", "final\Foundation4\Foundation4.csproj", "{9E5FD9B0-0A41-4AA5-9C98-5E1B4044C4D8}"
EndProject
Project("{2150E333-8FDC-42A3-9474-1A3956D46DE8}") = "prepare", "prepare", "{17E06554-9353-448C-9B58-D76285E94165}"
EndProject
Project("{9A19103F-16F7-4668-BE54-9A1E7A4F7556}") = "Learning02", "prepare\Learning02\Learning02.csproj", "{39E34F6E-6568-44CF-8588-69427D8691E8}"
EndProject
Project("{9A19103F-16F7-4668-BE54-9A1E7A4F7556}") = "Learning03", "prepare\Learning03\Learning03.csproj", "{5A418D68-B48A-4E31-ABE0-15E6A1B34A02}"
EndProject
Project("{9A19103F-16F7-4668-BE54-9A1E7A4F7556}") = "Learning04", "prepare\Learning04\Learning04.csproj", "{8FFCF9DC-82DF-4F5D-BB52-E62AD3D9A476}"
EndProject
Project("{9A19103F-16F7-4668-BE54-9A1E7A4F7556}") = "Learning05", "prepare\Learning05\Learning05.csproj", "{7A140294-30BB-4EE4-802A-3D7FBA042657}"
EndProject
Project("{2150E333-8FDC-42A3-9474-1A3956D46DE8}") = "prove", "prove", "{133040EE-E652-410E-8AC3-41E804BA29A1}"
EndProject
Project("{9A19103F-16F7-4668-BE54-9A1E7A4F7556}") = "Develop02", "prove\Develop02\Develop02.csproj", "{7C584EA7-9085-4EF4-B4CB-B21292BF4F2C}"
EndProject
Project("{9A19103F-16F7-4668-BE54-9A1E7A4F7556}") = "Develop03", "prove\Develop03\Develop03.csproj", "{F8F2F6A2-3330-41B6-89E3-062C9ACC152A}"
EndProject
Project("{9A19103F-16F7-4668-BE54-9A1E7A4F7556}") = "Develop04", "prove\Develop04\Develop04.csproj", "{F79711AE-585C-47E3-83D5-00DE1F5DD92F}"
EndProject
Project("{9A19103F-16F7-4668-BE54-9A1E7A4F7556}") = "Develop05", "prove\Develop05\Develop05.csproj", "{3C5284EA-69E0-426B-9B66-C999872BF76B}"
EndProject
Project("{2150E333-8FDC-42A3-9474-1A3956D46DE8}") = "sandbox", "sandbox", "{E24FBAFA-283D-4DA2-91A8-65D652AB68A6}"
EndProject
Project("{9A19103F-16F7-4668-BE54-9A1E7A4F7556}") = "Sandbox", "sandbox\Sandbox\Sandbox.csproj", "{1150F6D1-6EA1-44BC-9C5F-F41DA3284F38}"
EndProject
Global
	GlobalSection(SolutionConfigurationPlatforms) = preSolution
		Debug|Any CPU = Debug|Any CPU
		Release|Any CPU = Release|Any CPU
	EndGlobalSection
	GlobalSection(ProjectConfigurationPlatforms) = postSolution
		{DF6C6F2A-2E98-455A-9CA9-7CA8C153D507}.Debug|Any CPU.ActiveCfg = Debug|Any CPU
		{DF6C6F2A-2E98-455A-9CA9-7CA8C153D507}.Debug|Any CPU.Build.0 = Debug|Any CPU
		{DF6C6F2A-2E98-455A-9CA9-7CA8C153D507}.Release|Any CPU.ActiveCfg = Release|Any CPU
		{DF6C6F2A-2E98-455A-9CA9-7CA8C153D507}.Release|Any CPU.Build.0 = Release|Any CPU
		{EB3CEE4D-527E-44CD-AB2B-D4FE4347DA93}.Debug|Any CPU.ActiveCfg = Debug|Any CPU
		{EB3CEE4D-527E-44CD-AB2B-D4FE4347DA93}.Debug|Any CPU.Build.0 = Debug|Any CPU
		{EB3CEE4D-527E-44CD-AB2B-D4FE4347DA93}.Release|Any CPU.ActiveCfg = Release|Any CPU
		{EB3CEE4D-527E-44CD-AB2B-D4FE4347DA93}.Release|Any CPU.Build.0 = Release|Any CPU
		{78D71C69-612D-45FE-A9D1-0BFABEBCFB17}.Debug|Any CPU.ActiveCfg = Debug|Any CPU
		{78D71C69-612D-45FE-A9D1-0BFABEBCFB17}.Debug|Any CPU.Build.0 = Debug|Any CPU
		{78D71C69-612D-45FE-A9D1-0BFABEBCFB17}.Release|Any CPU.ActiveCfg = Release|Any CPU
		{78D71C69-612D-45FE-A9D1-0BFABEBCFB17}.Release|Any CPU.Build.0 = Release|Any CPU
		{8FF1A81A-86E2-4FE9-82E2-F862FE0F2D75}.Debug|Any CPU.ActiveCfg = Debug|Any CPU
		{8FF1A81A-86E2-4FE9-82E2-F862FE0F2D75}.Debug|Any CPU.Build.0 = Debug|Any CPU
		{8FF1A81A-86E2-4FE9-82E2-F862FE0F2D75}.Release|Any CPU.ActiveCfg = Release|Any CPU
		{8FF1A81A-86E2-4FE9-82E2-F862FE0F2D75}.Release|Any CPU.Build.0 = Release|Any CPU
		{BC057A42-C319-45EE-9735-C84C6D9D30A7}.Debug|Any CPU.ActiveCfg = Debug|Any CPU
		{BC057A42-C319-45EE-9735-C84C6D9D30A7}.Debug|Any CPU.Build.0 = Debug|Any CPU
		{BC057A42-C319-45EE-9735-C84C6D9D30A7}.Release|Any CPU.ActiveCfg = Release|Any CPU
		{BC057A42-C319-45EE-9735-C84C6D9D30A7}.Release|Any CPU.Build.0 = Release|Any CPU
		{FD93E73A-FB3F-45BD-BB1F-CE2B04D0196B}.Debug|Any CPU.ActiveCfg = Debug|Any CPU
		{FD93E73A-FB3F-45BD-BB1F-CE2B04D0196B}.Debug|Any CPU.Build.0 = Debug|Any CPU
		{FD93E73A-FB3F-45BD-BB1F-CE2B04D0196B}.Release|Any CPU.ActiveCfg = Release|Any CPU
		{FD93E73A-FB3F-45BD-BB1F-CE2B04D0196B}.Release|Any CPU.Build.0 = Release|Any CPU
		{543242D6-BAD3-4B61-A780-5C256669C79F}.Debug|Any CPU.ActiveCfg = Debug|Any CPU
		{543242D6-BAD3-4B61-A780-5C256669C79F}.Debug|Any CPU.Build.0 = Debug|Any CPU
		{543242D6-BAD3-4B61-A780-5C256669C79F}.Release|Any CPU.ActiveCfg = Release|Any CPU
		{543242D6-BAD3-4B61-A780-5C256669C79F}.Release|Any CPU.Build.0 = Release|Any CPU
		{AD1B14BE-FF52-4FD3-97BE-05E603045910}.Debug|Any CPU.ActiveCfg = Debug|Any CPU
		{AD1B14BE-FF52-4FD3-97BE-05E603045910}.Debug|Any CPU.Build.0 = Debug|Any CPU
		{AD1B14BE-FF52-4FD3-97BE-05E603045910}.Release|Any CPU.ActiveCfg = Release|Any CPU
		{AD1B14BE-FF52-4FD3-97BE-05E603045910}.Release|Any CPU.Build.0 = Release|Any CPU
		{68DC2871-DCF6-4EB9-862E-770063395600}.Debug|Any CPU.ActiveCfg = Debug|Any CPU
		{68DC2871-DCF6-4EB9-862E-770063395600}.Debug|Any CPU.Build.0 = Debug|Any CPU
		{68DC2871-DCF6-4EB9-862E-770063395600}.Release|Any CPU.ActiveCfg = Release|Any CPU
		{68DC2871-DCF6-4EB9-862E-770063395600}.Release|Any CPU.Build.0 = Release|Any CPU
		{9E5FD9B0-0A41-4AA5-9C98-5E1B4044C4D8}.Debug|Any CPU.ActiveCfg = Debug|Any CPU
		{9E5FD9B0-0A41-4AA5-9C98-5E1B4044C4D8}.Debug|Any CPU.Build.0 = Debug|Any CPU
		{9E5FD9B0-0A41-4AA5-9C98-5E1B4044C4D8}.Release|Any CPU.ActiveCfg = Release|Any CPU
		{9E5FD9B0-0A41-4AA5-9C98-5E1B4044C4D8}.Release|Any CPU.Build.0 = Release|Any CPU
		{39E34F6E-6568-44CF-8588-69427D8691E8}.Debug|Any CPU.ActiveCfg = Debug|Any CPU
		{39E34F6E-6568-44CF-8588-69427D8691E8}.Debug|Any CPU.Build.0 = Debug|Any CPU
		{39E34F6E-6568-44CF-8588-69427D8691E8}.Release|Any CPU.ActiveCfg = Release|Any CPU
		{39E34F6E-6568-44CF-8588-69427D8691E8}.Release|Any CPU.Build.0 = Release|Any CPU
		{5A418D68-B48A-4E31-ABE0-15E6A1B34A02}.Debug|Any CPU.ActiveCfg = Debug|Any CPU
		{5A418D68-B48A-4E31-ABE0-15E6A1B34A02}.Debug|Any CPU.Build.0 = Debug|Any CPU
		{5A418D68-B48A-4E31-ABE0-15E6A1B34A02}.Release|Any CPU.ActiveCfg = Release|Any CPU
		{5A418D68-B48A-4E31-ABE0-15E6A1B34A02}.Release|Any CPU.Build.0 = Release|Any CPU
		{8FFCF9DC-82DF-4F5D-BB52-E62AD3D9A476}.Debug|Any CPU.ActiveCfg = Debug|Any CPU
		{8FFCF9DC-82DF-4F5D-BB52-E62AD3D9A476}.Debug|Any CPU.Build.0 = Debug|Any CPU
		{8FFCF9DC-82DF-4F5D-BB52-E62AD3D9A476}.Release|Any CPU.ActiveCfg = Release|Any CPU
		{8FFCF9DC-82DF-4F5D-BB52-E62AD3D9A476}.Release|Any CPU.Build.0 = Release|Any CPU
		{7A140294-30BB-4EE4-802A-3D7FBA042657}.Debug|Any CPU.ActiveCfg = Debug|Any CPU
		{7A140294-30BB-4EE4-802A-3D7FBA042657}.Debug|Any CPU.Build.0 = Debug|Any CPU
		{7A140294-30BB-4EE4-802A-3D7FBA042657}.Release|Any CPU.ActiveCfg = Release|Any CPU
		{7A140294-30BB-4EE4-802A-3D7FBA042657}.Release|Any CPU.Build.0 = Release|Any CPU
		{7C584EA7-9085-4EF4-B4CB-B21292BF4F2C}.Debug|Any CPU.ActiveCfg = Debug|Any CPU
		{7C584EA7-9085-4EF4-B4CB-B21292BF4F2C}.Debug|Any CPU.Build.0 = Debug|Any CPU
		{7C584EA7-9085-4EF4-B4CB-B21292BF4F2C}.Release|Any CPU.ActiveCfg = Release|Any CPU
		{7C584EA7-9085-4EF4-B4CB-B21292BF4F2C}.Release|Any CPU.Build.0 = Release|Any CPU
		{F8F2F6A2-3330-41B6-89E3-062C9ACC152A}.Debug|Any CPU.ActiveCfg = Debug|Any CPU
		{F8F2F6A2-3330-41B6-89E3-062C9ACC152A}.Debug|Any CPU.Build.0 = Debug|Any CPU
		{F8F2F6A2-3330-41B6-89E3-062C9ACC152A}.Release|Any CPU.ActiveCfg = Release|Any CPU
		{F8F2F6A2-3330-41B6-89E3-062C9ACC152A}.Release|Any CPU.Build.0 = Release|Any CPU
		{F79711AE-585C-47E3-83D5-00DE1F5DD92F}.Debug|Any CPU.ActiveCfg = Debug|Any CPU
		{F79711AE-585C-47E3-83D5-00DE1F5DD92F}.Debug|Any CPU.Build.0 = Debug|Any CPU
		{F79711AE-585C-47E3-83D5-00DE1F5DD92F}.Release|Any CPU.ActiveCfg = Release|Any CPU
		{F79711AE-585C-47E3-83D5-00DE1F5DD92F}.Release|Any CPU.Build.0 = Release|Any CPU
		{3C5284EA-69E0-426B-9B66-C999872BF76B}.Debug|Any CPU.ActiveCfg = Debug|Any CPU
		{3C5284EA-69E0-426B-9B66-C999872BF76B}.Debug|Any CPU.Build.0 = Debug|Any CPU
		{3C5284EA-69E0-426B-9B66-C999872BF76B}.Release|Any CPU.ActiveCfg = Release|Any CPU
		{3C5284EA-69E0-426B-9B66-C999872BF76B}.Release|Any CPU.Build.0 = Release|Any CPU
		{1150F6D1-6EA1-44BC-9C5F-F41DA3284F38}.Debug|Any CPU.ActiveCfg = Debug|Any CPU
		{1150F6D1-6EA1-44BC-9C5F-F41DA3284F38}.Debug|Any CPU.Build.0 = Debug|Any CPU
		{1150F6D1-6EA1-44BC-9C5F-F41DA3284F38}.Release|Any CPU.ActiveCfg = Release|Any CPU
		{1150F6D1-6EA1-44BC-9C5F-F41DA3284F38}.Release|Any CPU.Build.0 = Release|Any CPU
	EndGlobalSection
	GlobalSection(SolutionProperties) = preSolution
		HideSolutionNode = FALSE
	EndGlobalSection
	GlobalSection(NestedProjects) = preSolution
		{DF6C6F2A-2E98-455A-9CA9-7CA8C153D507} = {4560FB0D-53B2-4E20-BFC7-AAFA8FD28D86}
		{EB3CEE4D-527E-44CD-AB2B-D4FE4347DA93} = {4560FB0D-53B2-4E20-BFC7-AAFA8FD28D86}
		{78D71C69-612D-45FE-A9D1-0BFABEBCFB17} = {4560FB0D-53B2-4E20-BFC7-AAFA8FD28D86}
		{8FF1A81A-86E2-4FE9-82E2-F862FE0F2D75} = {4560FB0D-53B2-4E20-BFC7-AAFA8FD28D86}
		{BC057A42-C319-45EE-9735-C84C6D9D30A7} = {4560FB0D-53B2-4E20-BFC7-AAFA8FD28D86}
		{FD93E73A-FB3F-45BD-BB1F-CE2B04D0196B} = {63961AA9-39D9-4267-B52E-598110161786}
		{543242D6-BAD3-4B61-A780-5C256669C79F} = {63961AA9-39D9-4267-B52E-598110161786}
		{AD1B14BE-FF52-4FD3-97BE-05E603045910} = {63961AA9-39D9-4267-B52E-598110161786}
		{68DC2871-DCF6-4EB9-862E-770063395600} = {63961AA9-39D9-4267-B52E-598110161786}
		{9E5FD9B0-0A41-4AA5-9C98-5E1B4044C4D8} = {63961AA9-39D9-4267-B52E-598110161786}
		{39E34F6E-6568-44CF-8588-69427D8691E8} = {17E06554-9353-448C-9B58-D76285E94165}
		{5A418D68-B48A-4E31-ABE0-15E6A1B34A02} = {17E06554-9353-448C-9B58-D76285E94165}
		{8FFCF9DC-82DF-4F5D-BB52-E62AD3D9A476} = {17E06554-9353-448C-9B58-D76285E94165}
		{7A140294-30BB-4EE4-802A-3D7FBA042657} = {17E06554-9353-448C-9B58-D76285E94165}
		{7C584EA7-9085-4EF4-B4CB-B21292BF4F2C} = {133040EE-E652-410E-8AC3-41E804BA29A1}
		{F8F2F6A2-3330-41B6-89E3-062C9ACC152A} = {133040EE-E652-410E-8AC3-41E804BA29A1}
		{F79711AE-585C-47E3-83D5-00DE1F5DD92F} = {133040EE-E652-410E-8AC3-41E804BA29A1}
		{3C5284EA-69E0-426B-9B66-C999872BF76B} = {133040EE-E652-410E-8AC3-41E804BA29A1}
		{1150F6D1-6EA1-44BC-9C5F-F41DA3284F38} = {E24FBAFA-283D-4DA2-91A8-65D652AB68A6}
	EndGlobalSection
	GlobalSection(ExtensibilityGlobals) = postSolution
		SolutionGuid = {BDC60E0D-7139-40B4-95C2-CA93386DA5AE}
	EndGlobalSection
EndGlobal
